// !$*UTF8*$!
{
	archiveVersion = 1;
	classes = {
	};
	objectVersion = 46;
	objects = {

/* Begin PBXBuildFile section */
		07CB53F7AB3255842DF42771 /* libPods-PLISM3UITests.a in Frameworks */ = {isa = PBXBuildFile; fileRef = C72868447A4C6F269614CE9F /* libPods-PLISM3UITests.a */; };
		1743DCB94A03A503EAE7AA5D /* libPods-PLISM3.a in Frameworks */ = {isa = PBXBuildFile; fileRef = 2EE9603B42251C42953881F0 /* libPods-PLISM3.a */; };
		38202B26C6A358C827ADA912 /* libPods-PLISM3Tests.a in Frameworks */ = {isa = PBXBuildFile; fileRef = DE674096026F8E54DBB67212 /* libPods-PLISM3Tests.a */; };
		A22BE7841C8012CF000E3947 /* main.m in Sources */ = {isa = PBXBuildFile; fileRef = A22BE7831C8012CF000E3947 /* main.m */; };
		A22BE7871C8012CF000E3947 /* AppDelegate.m in Sources */ = {isa = PBXBuildFile; fileRef = A22BE7861C8012CF000E3947 /* AppDelegate.m */; };
		A22BE78A1C8012CF000E3947 /* ViewController.m in Sources */ = {isa = PBXBuildFile; fileRef = A22BE7891C8012CF000E3947 /* ViewController.m */; };
		A22BE78D1C8012CF000E3947 /* Main.storyboard in Resources */ = {isa = PBXBuildFile; fileRef = A22BE78B1C8012CF000E3947 /* Main.storyboard */; };
		A22BE7901C8012CF000E3947 /* PLISM3.xcdatamodeld in Sources */ = {isa = PBXBuildFile; fileRef = A22BE78E1C8012CF000E3947 /* PLISM3.xcdatamodeld */; };
		A22BE7921C8012CF000E3947 /* Assets.xcassets in Resources */ = {isa = PBXBuildFile; fileRef = A22BE7911C8012CF000E3947 /* Assets.xcassets */; };
		A22BE7951C8012CF000E3947 /* LaunchScreen.storyboard in Resources */ = {isa = PBXBuildFile; fileRef = A22BE7931C8012CF000E3947 /* LaunchScreen.storyboard */; };
		A22BE7A01C8012CF000E3947 /* PLISM3Tests.m in Sources */ = {isa = PBXBuildFile; fileRef = A22BE79F1C8012CF000E3947 /* PLISM3Tests.m */; };
		A22BE7AB1C8012CF000E3947 /* PLISM3UITests.m in Sources */ = {isa = PBXBuildFile; fileRef = A22BE7AA1C8012CF000E3947 /* PLISM3UITests.m */; };
		A22BE7BB1C80293B000E3947 /* MainViewController.m in Sources */ = {isa = PBXBuildFile; fileRef = A22BE7B91C80293B000E3947 /* MainViewController.m */; };
		A22BE7BC1C80293B000E3947 /* MainViewController.xib in Resources */ = {isa = PBXBuildFile; fileRef = A22BE7BA1C80293B000E3947 /* MainViewController.xib */; };
		A22BE7D31C802D04000E3947 /* m01.png in Resources */ = {isa = PBXBuildFile; fileRef = A22BE7BE1C802D04000E3947 /* m01.png */; };
		A22BE7D41C802D04000E3947 /* m01@2x.png in Resources */ = {isa = PBXBuildFile; fileRef = A22BE7BF1C802D04000E3947 /* m01@2x.png */; };
		A22BE7D51C802D04000E3947 /* m01@3x.png in Resources */ = {isa = PBXBuildFile; fileRef = A22BE7C01C802D04000E3947 /* m01@3x.png */; };
		A22BE7D61C802D04000E3947 /* m02.png in Resources */ = {isa = PBXBuildFile; fileRef = A22BE7C11C802D04000E3947 /* m02.png */; };
		A22BE7D71C802D04000E3947 /* m02@2x.png in Resources */ = {isa = PBXBuildFile; fileRef = A22BE7C21C802D04000E3947 /* m02@2x.png */; };
		A22BE7D81C802D04000E3947 /* m02@3x.png in Resources */ = {isa = PBXBuildFile; fileRef = A22BE7C31C802D04000E3947 /* m02@3x.png */; };
		A22BE7D91C802D04000E3947 /* m03.png in Resources */ = {isa = PBXBuildFile; fileRef = A22BE7C41C802D04000E3947 /* m03.png */; };
		A22BE7DA1C802D04000E3947 /* m03@2x.png in Resources */ = {isa = PBXBuildFile; fileRef = A22BE7C51C802D04000E3947 /* m03@2x.png */; };
		A22BE7DB1C802D04000E3947 /* m03@3x.png in Resources */ = {isa = PBXBuildFile; fileRef = A22BE7C61C802D04000E3947 /* m03@3x.png */; };
		A22BE7DC1C802D04000E3947 /* m04.png in Resources */ = {isa = PBXBuildFile; fileRef = A22BE7C71C802D04000E3947 /* m04.png */; };
		A22BE7DD1C802D04000E3947 /* m04@2x.png in Resources */ = {isa = PBXBuildFile; fileRef = A22BE7C81C802D04000E3947 /* m04@2x.png */; };
		A22BE7DE1C802D04000E3947 /* m04@3x.png in Resources */ = {isa = PBXBuildFile; fileRef = A22BE7C91C802D04000E3947 /* m04@3x.png */; };
		A22BE7DF1C802D04000E3947 /* m05.png in Resources */ = {isa = PBXBuildFile; fileRef = A22BE7CA1C802D04000E3947 /* m05.png */; };
		A22BE7E01C802D04000E3947 /* m05@2x.png in Resources */ = {isa = PBXBuildFile; fileRef = A22BE7CB1C802D04000E3947 /* m05@2x.png */; };
		A22BE7E11C802D04000E3947 /* m05@3x.png in Resources */ = {isa = PBXBuildFile; fileRef = A22BE7CC1C802D04000E3947 /* m05@3x.png */; };
		A22BE7E21C802D04000E3947 /* mback.png in Resources */ = {isa = PBXBuildFile; fileRef = A22BE7CD1C802D04000E3947 /* mback.png */; };
		A22BE7E31C802D04000E3947 /* mback@2x.png in Resources */ = {isa = PBXBuildFile; fileRef = A22BE7CE1C802D04000E3947 /* mback@2x.png */; };
		A22BE7E41C802D04000E3947 /* mback@3x.png in Resources */ = {isa = PBXBuildFile; fileRef = A22BE7CF1C802D04000E3947 /* mback@3x.png */; };
		A22BE7E51C802D04000E3947 /* mtop.png in Resources */ = {isa = PBXBuildFile; fileRef = A22BE7D01C802D04000E3947 /* mtop.png */; };
		A22BE7E61C802D04000E3947 /* mtop@2x.png in Resources */ = {isa = PBXBuildFile; fileRef = A22BE7D11C802D04000E3947 /* mtop@2x.png */; };
		A22BE7E71C802D04000E3947 /* mtop@3x.png in Resources */ = {isa = PBXBuildFile; fileRef = A22BE7D21C802D04000E3947 /* mtop@3x.png */; };
		A23FB77B226590E60087D4CD /* GoogleService-Info.plist in Resources */ = {isa = PBXBuildFile; fileRef = A23FB77A226590E60087D4CD /* GoogleService-Info.plist */; };
		A23FB77D22659C240087D4CD /* jpp.plist in Resources */ = {isa = PBXBuildFile; fileRef = A23FB77C22659C230087D4CD /* jpp.plist */; };
		A27810D91CB0D0AF000F168C /* Images.xcassets in Resources */ = {isa = PBXBuildFile; fileRef = A27810D81CB0D0AF000F168C /* Images.xcassets */; };
		A27810DB1CB0D15D000F168C /* intro.png in Resources */ = {isa = PBXBuildFile; fileRef = A27810DA1CB0D15D000F168C /* intro.png */; };
		A27810DE1CB0D33C000F168C /* DataSet.mm in Sources */ = {isa = PBXBuildFile; fileRef = A27810DD1CB0D33C000F168C /* DataSet.mm */; };
		A2EA270E1C927B1B007A1F23 /* OpenUDID.m in Sources */ = {isa = PBXBuildFile; fileRef = A2EA270D1C927B1B007A1F23 /* OpenUDID.m */; };
		A2EA27181C92CBD7007A1F23 /* authinfo.plist in Resources */ = {isa = PBXBuildFile; fileRef = A2EA27171C92CBD7007A1F23 /* authinfo.plist */; };
/* End PBXBuildFile section */

/* Begin PBXContainerItemProxy section */
		A22BE79C1C8012CF000E3947 /* PBXContainerItemProxy */ = {
			isa = PBXContainerItemProxy;
			containerPortal = A22BE7771C8012CF000E3947 /* Project object */;
			proxyType = 1;
			remoteGlobalIDString = A22BE77E1C8012CF000E3947;
			remoteInfo = PLISM3;
		};
		A22BE7A71C8012CF000E3947 /* PBXContainerItemProxy */ = {
			isa = PBXContainerItemProxy;
			containerPortal = A22BE7771C8012CF000E3947 /* Project object */;
			proxyType = 1;
			remoteGlobalIDString = A22BE77E1C8012CF000E3947;
			remoteInfo = PLISM3;
		};
/* End PBXContainerItemProxy section */

/* Begin PBXFileReference section */
		01E13934AB7D5CEA5BA6A2E8 /* Pods-PLISM3UITests.release.xcconfig */ = {isa = PBXFileReference; includeInIndex = 1; lastKnownFileType = text.xcconfig; name = "Pods-PLISM3UITests.release.xcconfig"; path = "Pods/Target Support Files/Pods-PLISM3UITests/Pods-PLISM3UITests.release.xcconfig"; sourceTree = "<group>"; };
		062BBFE0560C0BE9E48940B1 /* Pods-PLISM3Tests.debug.xcconfig */ = {isa = PBXFileReference; includeInIndex = 1; lastKnownFileType = text.xcconfig; name = "Pods-PLISM3Tests.debug.xcconfig"; path = "Pods/Target Support Files/Pods-PLISM3Tests/Pods-PLISM3Tests.debug.xcconfig"; sourceTree = "<group>"; };
		0D18282FE6CE2764D92985A5 /* Pods-PLISM3.release.xcconfig */ = {isa = PBXFileReference; includeInIndex = 1; lastKnownFileType = text.xcconfig; name = "Pods-PLISM3.release.xcconfig"; path = "Pods/Target Support Files/Pods-PLISM3/Pods-PLISM3.release.xcconfig"; sourceTree = "<group>"; };
		26069D1C4CBE1D363EE6AFF0 /* Pods-PLISM3.debug.xcconfig */ = {isa = PBXFileReference; includeInIndex = 1; lastKnownFileType = text.xcconfig; name = "Pods-PLISM3.debug.xcconfig"; path = "Pods/Target Support Files/Pods-PLISM3/Pods-PLISM3.debug.xcconfig"; sourceTree = "<group>"; };
		2EE9603B42251C42953881F0 /* libPods-PLISM3.a */ = {isa = PBXFileReference; explicitFileType = archive.ar; includeInIndex = 0; path = "libPods-PLISM3.a"; sourceTree = BUILT_PRODUCTS_DIR; };
		6E0A8FD01B8564061B2E453D /* Pods-PLISM3Tests.release.xcconfig */ = {isa = PBXFileReference; includeInIndex = 1; lastKnownFileType = text.xcconfig; name = "Pods-PLISM3Tests.release.xcconfig"; path = "Pods/Target Support Files/Pods-PLISM3Tests/Pods-PLISM3Tests.release.xcconfig"; sourceTree = "<group>"; };
		72BA18F81031320801C01D7D /* Pods-PLISM3UITests.debug.xcconfig */ = {isa = PBXFileReference; includeInIndex = 1; lastKnownFileType = text.xcconfig; name = "Pods-PLISM3UITests.debug.xcconfig"; path = "Pods/Target Support Files/Pods-PLISM3UITests/Pods-PLISM3UITests.debug.xcconfig"; sourceTree = "<group>"; };
		A22BE77F1C8012CF000E3947 /* PLISM3.app */ = {isa = PBXFileReference; explicitFileType = wrapper.application; includeInIndex = 0; path = PLISM3.app; sourceTree = BUILT_PRODUCTS_DIR; };
		A22BE7831C8012CF000E3947 /* main.m */ = {isa = PBXFileReference; lastKnownFileType = sourcecode.c.objc; path = main.m; sourceTree = "<group>"; };
		A22BE7851C8012CF000E3947 /* AppDelegate.h */ = {isa = PBXFileReference; lastKnownFileType = sourcecode.c.h; path = AppDelegate.h; sourceTree = "<group>"; };
		A22BE7861C8012CF000E3947 /* AppDelegate.m */ = {isa = PBXFileReference; lastKnownFileType = sourcecode.c.objc; path = AppDelegate.m; sourceTree = "<group>"; };
		A22BE7881C8012CF000E3947 /* ViewController.h */ = {isa = PBXFileReference; lastKnownFileType = sourcecode.c.h; path = ViewController.h; sourceTree = "<group>"; };
		A22BE7891C8012CF000E3947 /* ViewController.m */ = {isa = PBXFileReference; lastKnownFileType = sourcecode.c.objc; path = ViewController.m; sourceTree = "<group>"; };
		A22BE78C1C8012CF000E3947 /* Base */ = {isa = PBXFileReference; lastKnownFileType = file.storyboard; name = Base; path = Base.lproj/Main.storyboard; sourceTree = "<group>"; };
		A22BE78F1C8012CF000E3947 /* PLISM3.xcdatamodel */ = {isa = PBXFileReference; lastKnownFileType = wrapper.xcdatamodel; path = PLISM3.xcdatamodel; sourceTree = "<group>"; };
		A22BE7911C8012CF000E3947 /* Assets.xcassets */ = {isa = PBXFileReference; lastKnownFileType = folder.assetcatalog; path = Assets.xcassets; sourceTree = "<group>"; };
		A22BE7941C8012CF000E3947 /* Base */ = {isa = PBXFileReference; lastKnownFileType = file.storyboard; name = Base; path = Base.lproj/LaunchScreen.storyboard; sourceTree = "<group>"; };
		A22BE7961C8012CF000E3947 /* Info.plist */ = {isa = PBXFileReference; lastKnownFileType = text.plist.xml; path = Info.plist; sourceTree = "<group>"; };
		A22BE79B1C8012CF000E3947 /* PLISM3Tests.xctest */ = {isa = PBXFileReference; explicitFileType = wrapper.cfbundle; includeInIndex = 0; path = PLISM3Tests.xctest; sourceTree = BUILT_PRODUCTS_DIR; };
		A22BE79F1C8012CF000E3947 /* PLISM3Tests.m */ = {isa = PBXFileReference; lastKnownFileType = sourcecode.c.objc; path = PLISM3Tests.m; sourceTree = "<group>"; };
		A22BE7A11C8012CF000E3947 /* Info.plist */ = {isa = PBXFileReference; lastKnownFileType = text.plist.xml; path = Info.plist; sourceTree = "<group>"; };
		A22BE7A61C8012CF000E3947 /* PLISM3UITests.xctest */ = {isa = PBXFileReference; explicitFileType = wrapper.cfbundle; includeInIndex = 0; path = PLISM3UITests.xctest; sourceTree = BUILT_PRODUCTS_DIR; };
		A22BE7AA1C8012CF000E3947 /* PLISM3UITests.m */ = {isa = PBXFileReference; lastKnownFileType = sourcecode.c.objc; path = PLISM3UITests.m; sourceTree = "<group>"; };
		A22BE7AC1C8012CF000E3947 /* Info.plist */ = {isa = PBXFileReference; lastKnownFileType = text.plist.xml; path = Info.plist; sourceTree = "<group>"; };
		A22BE7B81C80293B000E3947 /* MainViewController.h */ = {isa = PBXFileReference; fileEncoding = 4; lastKnownFileType = sourcecode.c.h; path = MainViewController.h; sourceTree = "<group>"; };
		A22BE7B91C80293B000E3947 /* MainViewController.m */ = {isa = PBXFileReference; fileEncoding = 4; lastKnownFileType = sourcecode.c.objc; path = MainViewController.m; sourceTree = "<group>"; };
		A22BE7BA1C80293B000E3947 /* MainViewController.xib */ = {isa = PBXFileReference; fileEncoding = 4; lastKnownFileType = file.xib; path = MainViewController.xib; sourceTree = "<group>"; };
		A22BE7BE1C802D04000E3947 /* m01.png */ = {isa = PBXFileReference; lastKnownFileType = image.png; path = m01.png; sourceTree = "<group>"; };
		A22BE7BF1C802D04000E3947 /* m01@2x.png */ = {isa = PBXFileReference; lastKnownFileType = image.png; path = "m01@2x.png"; sourceTree = "<group>"; };
		A22BE7C01C802D04000E3947 /* m01@3x.png */ = {isa = PBXFileReference; lastKnownFileType = image.png; path = "m01@3x.png"; sourceTree = "<group>"; };
		A22BE7C11C802D04000E3947 /* m02.png */ = {isa = PBXFileReference; lastKnownFileType = image.png; path = m02.png; sourceTree = "<group>"; };
		A22BE7C21C802D04000E3947 /* m02@2x.png */ = {isa = PBXFileReference; lastKnownFileType = image.png; path = "m02@2x.png"; sourceTree = "<group>"; };
		A22BE7C31C802D04000E3947 /* m02@3x.png */ = {isa = PBXFileReference; lastKnownFileType = image.png; path = "m02@3x.png"; sourceTree = "<group>"; };
		A22BE7C41C802D04000E3947 /* m03.png */ = {isa = PBXFileReference; lastKnownFileType = image.png; path = m03.png; sourceTree = "<group>"; };
		A22BE7C51C802D04000E3947 /* m03@2x.png */ = {isa = PBXFileReference; lastKnownFileType = image.png; path = "m03@2x.png"; sourceTree = "<group>"; };
		A22BE7C61C802D04000E3947 /* m03@3x.png */ = {isa = PBXFileReference; lastKnownFileType = image.png; path = "m03@3x.png"; sourceTree = "<group>"; };
		A22BE7C71C802D04000E3947 /* m04.png */ = {isa = PBXFileReference; lastKnownFileType = image.png; path = m04.png; sourceTree = "<group>"; };
		A22BE7C81C802D04000E3947 /* m04@2x.png */ = {isa = PBXFileReference; lastKnownFileType = image.png; path = "m04@2x.png"; sourceTree = "<group>"; };
		A22BE7C91C802D04000E3947 /* m04@3x.png */ = {isa = PBXFileReference; lastKnownFileType = image.png; path = "m04@3x.png"; sourceTree = "<group>"; };
		A22BE7CA1C802D04000E3947 /* m05.png */ = {isa = PBXFileReference; lastKnownFileType = image.png; path = m05.png; sourceTree = "<group>"; };
		A22BE7CB1C802D04000E3947 /* m05@2x.png */ = {isa = PBXFileReference; lastKnownFileType = image.png; path = "m05@2x.png"; sourceTree = "<group>"; };
		A22BE7CC1C802D04000E3947 /* m05@3x.png */ = {isa = PBXFileReference; lastKnownFileType = image.png; path = "m05@3x.png"; sourceTree = "<group>"; };
		A22BE7CD1C802D04000E3947 /* mback.png */ = {isa = PBXFileReference; lastKnownFileType = image.png; path = mback.png; sourceTree = "<group>"; };
		A22BE7CE1C802D04000E3947 /* mback@2x.png */ = {isa = PBXFileReference; lastKnownFileType = image.png; path = "mback@2x.png"; sourceTree = "<group>"; };
		A22BE7CF1C802D04000E3947 /* mback@3x.png */ = {isa = PBXFileReference; lastKnownFileType = image.png; path = "mback@3x.png"; sourceTree = "<group>"; };
		A22BE7D01C802D04000E3947 /* mtop.png */ = {isa = PBXFileReference; lastKnownFileType = image.png; path = mtop.png; sourceTree = "<group>"; };
		A22BE7D11C802D04000E3947 /* mtop@2x.png */ = {isa = PBXFileReference; lastKnownFileType = image.png; path = "mtop@2x.png"; sourceTree = "<group>"; };
		A22BE7D21C802D04000E3947 /* mtop@3x.png */ = {isa = PBXFileReference; lastKnownFileType = image.png; path = "mtop@3x.png"; sourceTree = "<group>"; };
		A23FB77A226590E60087D4CD /* GoogleService-Info.plist */ = {isa = PBXFileReference; fileEncoding = 4; lastKnownFileType = text.plist.xml; path = "GoogleService-Info.plist"; sourceTree = "<group>"; };
		A23FB77C22659C230087D4CD /* jpp.plist */ = {isa = PBXFileReference; fileEncoding = 4; lastKnownFileType = text.plist.xml; path = jpp.plist; sourceTree = "<group>"; };
		A23FB77E22659CA30087D4CD /* PLISM3.entitlements */ = {isa = PBXFileReference; lastKnownFileType = text.plist.entitlements; path = PLISM3.entitlements; sourceTree = "<group>"; };
		A27810D81CB0D0AF000F168C /* Images.xcassets */ = {isa = PBXFileReference; lastKnownFileType = folder.assetcatalog; path = Images.xcassets; sourceTree = "<group>"; };
		A27810DA1CB0D15D000F168C /* intro.png */ = {isa = PBXFileReference; lastKnownFileType = image.png; path = intro.png; sourceTree = "<group>"; };
		A27810DC1CB0D33C000F168C /* DataSet.h */ = {isa = PBXFileReference; fileEncoding = 4; lastKnownFileType = sourcecode.c.h; path = DataSet.h; sourceTree = "<group>"; };
		A27810DD1CB0D33C000F168C /* DataSet.mm */ = {isa = PBXFileReference; fileEncoding = 4; lastKnownFileType = sourcecode.cpp.objcpp; path = DataSet.mm; sourceTree = "<group>"; };
		A2EA270C1C927B1B007A1F23 /* OpenUDID.h */ = {isa = PBXFileReference; fileEncoding = 4; lastKnownFileType = sourcecode.c.h; path = OpenUDID.h; sourceTree = "<group>"; };
		A2EA270D1C927B1B007A1F23 /* OpenUDID.m */ = {isa = PBXFileReference; fileEncoding = 4; lastKnownFileType = sourcecode.c.objc; path = OpenUDID.m; sourceTree = "<group>"; };
		A2EA27171C92CBD7007A1F23 /* authinfo.plist */ = {isa = PBXFileReference; fileEncoding = 4; lastKnownFileType = text.plist.xml; path = authinfo.plist; sourceTree = "<group>"; };
		A2EA27191C97E3A6007A1F23 /* WebKit.framework */ = {isa = PBXFileReference; lastKnownFileType = wrapper.framework; name = WebKit.framework; path = System/Library/Frameworks/WebKit.framework; sourceTree = SDKROOT; };
		C72868447A4C6F269614CE9F /* libPods-PLISM3UITests.a */ = {isa = PBXFileReference; explicitFileType = archive.ar; includeInIndex = 0; path = "libPods-PLISM3UITests.a"; sourceTree = BUILT_PRODUCTS_DIR; };
		DE674096026F8E54DBB67212 /* libPods-PLISM3Tests.a */ = {isa = PBXFileReference; explicitFileType = archive.ar; includeInIndex = 0; path = "libPods-PLISM3Tests.a"; sourceTree = BUILT_PRODUCTS_DIR; };
/* End PBXFileReference section */

/* Begin PBXFrameworksBuildPhase section */
		A22BE77C1C8012CF000E3947 /* Frameworks */ = {
			isa = PBXFrameworksBuildPhase;
			buildActionMask = 2147483647;
			files = (
				1743DCB94A03A503EAE7AA5D /* libPods-PLISM3.a in Frameworks */,
			);
			runOnlyForDeploymentPostprocessing = 0;
		};
		A22BE7981C8012CF000E3947 /* Frameworks */ = {
			isa = PBXFrameworksBuildPhase;
			buildActionMask = 2147483647;
			files = (
				38202B26C6A358C827ADA912 /* libPods-PLISM3Tests.a in Frameworks */,
			);
			runOnlyForDeploymentPostprocessing = 0;
		};
		A22BE7A31C8012CF000E3947 /* Frameworks */ = {
			isa = PBXFrameworksBuildPhase;
			buildActionMask = 2147483647;
			files = (
				07CB53F7AB3255842DF42771 /* libPods-PLISM3UITests.a in Frameworks */,
			);
			runOnlyForDeploymentPostprocessing = 0;
		};
/* End PBXFrameworksBuildPhase section */

/* Begin PBXGroup section */
		2EE9762A550B15C7902811AF /* Frameworks */ = {
			isa = PBXGroup;
			children = (
				2EE9603B42251C42953881F0 /* libPods-PLISM3.a */,
				DE674096026F8E54DBB67212 /* libPods-PLISM3Tests.a */,
				C72868447A4C6F269614CE9F /* libPods-PLISM3UITests.a */,
			);
			name = Frameworks;
			sourceTree = "<group>";
		};
		A22BE7761C8012CF000E3947 = {
			isa = PBXGroup;
			children = (
				A2EA27191C97E3A6007A1F23 /* WebKit.framework */,
				A22BE7811C8012CF000E3947 /* PLISM3 */,
				A22BE79E1C8012CF000E3947 /* PLISM3Tests */,
				A22BE7A91C8012CF000E3947 /* PLISM3UITests */,
				A22BE7801C8012CF000E3947 /* Products */,
				B3EF787EFD8B3AB99919B127 /* Pods */,
				2EE9762A550B15C7902811AF /* Frameworks */,
			);
			sourceTree = "<group>";
		};
		A22BE7801C8012CF000E3947 /* Products */ = {
			isa = PBXGroup;
			children = (
				A22BE77F1C8012CF000E3947 /* PLISM3.app */,
				A22BE79B1C8012CF000E3947 /* PLISM3Tests.xctest */,
				A22BE7A61C8012CF000E3947 /* PLISM3UITests.xctest */,
			);
			name = Products;
			sourceTree = "<group>";
		};
		A22BE7811C8012CF000E3947 /* PLISM3 */ = {
			isa = PBXGroup;
			children = (
				A23FB77E22659CA30087D4CD /* PLISM3.entitlements */,
				A23FB77C22659C230087D4CD /* jpp.plist */,
				A22BE7851C8012CF000E3947 /* AppDelegate.h */,
				A22BE7861C8012CF000E3947 /* AppDelegate.m */,
				A23FB77A226590E60087D4CD /* GoogleService-Info.plist */,
				A22BE7881C8012CF000E3947 /* ViewController.h */,
				A22BE7891C8012CF000E3947 /* ViewController.m */,
				A22BE78B1C8012CF000E3947 /* Main.storyboard */,
				A22BE7911C8012CF000E3947 /* Assets.xcassets */,
				A22BE7931C8012CF000E3947 /* LaunchScreen.storyboard */,
				A22BE7961C8012CF000E3947 /* Info.plist */,
				A22BE78E1C8012CF000E3947 /* PLISM3.xcdatamodeld */,
				A2EA27081C927AD0007A1F23 /* UDID */,
				A22BE7821C8012CF000E3947 /* Supporting Files */,
				A22BE7BD1C802C64000E3947 /* img */,
				A22BE7B81C80293B000E3947 /* MainViewController.h */,
				A22BE7B91C80293B000E3947 /* MainViewController.m */,
				A22BE7BA1C80293B000E3947 /* MainViewController.xib */,
				A27810DC1CB0D33C000F168C /* DataSet.h */,
				A27810DD1CB0D33C000F168C /* DataSet.mm */,
				A2EA27171C92CBD7007A1F23 /* authinfo.plist */,
				A27810D81CB0D0AF000F168C /* Images.xcassets */,
			);
			path = PLISM3;
			sourceTree = "<group>";
		};
		A22BE7821C8012CF000E3947 /* Supporting Files */ = {
			isa = PBXGroup;
			children = (
				A22BE7831C8012CF000E3947 /* main.m */,
			);
			name = "Supporting Files";
			sourceTree = "<group>";
		};
		A22BE79E1C8012CF000E3947 /* PLISM3Tests */ = {
			isa = PBXGroup;
			children = (
				A22BE79F1C8012CF000E3947 /* PLISM3Tests.m */,
				A22BE7A11C8012CF000E3947 /* Info.plist */,
			);
			path = PLISM3Tests;
			sourceTree = "<group>";
		};
		A22BE7A91C8012CF000E3947 /* PLISM3UITests */ = {
			isa = PBXGroup;
			children = (
				A22BE7AA1C8012CF000E3947 /* PLISM3UITests.m */,
				A22BE7AC1C8012CF000E3947 /* Info.plist */,
			);
			path = PLISM3UITests;
			sourceTree = "<group>";
		};
		A22BE7BD1C802C64000E3947 /* img */ = {
			isa = PBXGroup;
			children = (
				A27810DA1CB0D15D000F168C /* intro.png */,
				A22BE7BE1C802D04000E3947 /* m01.png */,
				A22BE7BF1C802D04000E3947 /* m01@2x.png */,
				A22BE7C01C802D04000E3947 /* m01@3x.png */,
				A22BE7C11C802D04000E3947 /* m02.png */,
				A22BE7C21C802D04000E3947 /* m02@2x.png */,
				A22BE7C31C802D04000E3947 /* m02@3x.png */,
				A22BE7C41C802D04000E3947 /* m03.png */,
				A22BE7C51C802D04000E3947 /* m03@2x.png */,
				A22BE7C61C802D04000E3947 /* m03@3x.png */,
				A22BE7C71C802D04000E3947 /* m04.png */,
				A22BE7C81C802D04000E3947 /* m04@2x.png */,
				A22BE7C91C802D04000E3947 /* m04@3x.png */,
				A22BE7CA1C802D04000E3947 /* m05.png */,
				A22BE7CB1C802D04000E3947 /* m05@2x.png */,
				A22BE7CC1C802D04000E3947 /* m05@3x.png */,
				A22BE7CD1C802D04000E3947 /* mback.png */,
				A22BE7CE1C802D04000E3947 /* mback@2x.png */,
				A22BE7CF1C802D04000E3947 /* mback@3x.png */,
				A22BE7D01C802D04000E3947 /* mtop.png */,
				A22BE7D11C802D04000E3947 /* mtop@2x.png */,
				A22BE7D21C802D04000E3947 /* mtop@3x.png */,
			);
			path = img;
			sourceTree = "<group>";
		};
		A2EA27081C927AD0007A1F23 /* UDID */ = {
			isa = PBXGroup;
			children = (
				A2EA270C1C927B1B007A1F23 /* OpenUDID.h */,
				A2EA270D1C927B1B007A1F23 /* OpenUDID.m */,
			);
			path = UDID;
			sourceTree = "<group>";
		};
		B3EF787EFD8B3AB99919B127 /* Pods */ = {
			isa = PBXGroup;
			children = (
				26069D1C4CBE1D363EE6AFF0 /* Pods-PLISM3.debug.xcconfig */,
				0D18282FE6CE2764D92985A5 /* Pods-PLISM3.release.xcconfig */,
				062BBFE0560C0BE9E48940B1 /* Pods-PLISM3Tests.debug.xcconfig */,
				6E0A8FD01B8564061B2E453D /* Pods-PLISM3Tests.release.xcconfig */,
				72BA18F81031320801C01D7D /* Pods-PLISM3UITests.debug.xcconfig */,
				01E13934AB7D5CEA5BA6A2E8 /* Pods-PLISM3UITests.release.xcconfig */,
			);
			name = Pods;
			sourceTree = "<group>";
		};
/* End PBXGroup section */

/* Begin PBXNativeTarget section */
		A22BE77E1C8012CF000E3947 /* PLISM3 */ = {
			isa = PBXNativeTarget;
			buildConfigurationList = A22BE7AF1C8012CF000E3947 /* Build configuration list for PBXNativeTarget "PLISM3" */;
			buildPhases = (
				A791CF5DCFBF59ED792274D1 /* [CP] Check Pods Manifest.lock */,
				A22BE77B1C8012CF000E3947 /* Sources */,
				A22BE77C1C8012CF000E3947 /* Frameworks */,
				A22BE77D1C8012CF000E3947 /* Resources */,
			);
			buildRules = (
			);
			dependencies = (
			);
			name = PLISM3;
			productName = PLISM3;
			productReference = A22BE77F1C8012CF000E3947 /* PLISM3.app */;
			productType = "com.apple.product-type.application";
		};
		A22BE79A1C8012CF000E3947 /* PLISM3Tests */ = {
			isa = PBXNativeTarget;
			buildConfigurationList = A22BE7B21C8012CF000E3947 /* Build configuration list for PBXNativeTarget "PLISM3Tests" */;
			buildPhases = (
				392E401671F3CE4D8E0BF960 /* [CP] Check Pods Manifest.lock */,
				A22BE7971C8012CF000E3947 /* Sources */,
				A22BE7981C8012CF000E3947 /* Frameworks */,
				A22BE7991C8012CF000E3947 /* Resources */,
			);
			buildRules = (
			);
			dependencies = (
				A22BE79D1C8012CF000E3947 /* PBXTargetDependency */,
			);
			name = PLISM3Tests;
			productName = PLISM3Tests;
			productReference = A22BE79B1C8012CF000E3947 /* PLISM3Tests.xctest */;
			productType = "com.apple.product-type.bundle.unit-test";
		};
		A22BE7A51C8012CF000E3947 /* PLISM3UITests */ = {
			isa = PBXNativeTarget;
			buildConfigurationList = A22BE7B51C8012CF000E3947 /* Build configuration list for PBXNativeTarget "PLISM3UITests" */;
			buildPhases = (
				28A4F4CC993B778F5363EBEA /* [CP] Check Pods Manifest.lock */,
				A22BE7A21C8012CF000E3947 /* Sources */,
				A22BE7A31C8012CF000E3947 /* Frameworks */,
				A22BE7A41C8012CF000E3947 /* Resources */,
			);
			buildRules = (
			);
			dependencies = (
				A22BE7A81C8012CF000E3947 /* PBXTargetDependency */,
			);
			name = PLISM3UITests;
			productName = PLISM3UITests;
			productReference = A22BE7A61C8012CF000E3947 /* PLISM3UITests.xctest */;
			productType = "com.apple.product-type.bundle.ui-testing";
		};
/* End PBXNativeTarget section */

/* Begin PBXProject section */
		A22BE7771C8012CF000E3947 /* Project object */ = {
			isa = PBXProject;
			attributes = {
				LastUpgradeCheck = 0720;
				ORGANIZATIONNAME = klnet;
				TargetAttributes = {
					A22BE77E1C8012CF000E3947 = {
						CreatedOnToolsVersion = 7.2;
						DevelopmentTeam = BETFGY29Z7;
						ProvisioningStyle = Automatic;
						SystemCapabilities = {
							com.apple.BackgroundModes = {
								enabled = 1;
							};
							com.apple.HealthKit = {
								enabled = 0;
							};
							com.apple.Push = {
								enabled = 1;
							};
						};
					};
					A22BE79A1C8012CF000E3947 = {
						CreatedOnToolsVersion = 7.2;
						DevelopmentTeam = BETFGY29Z7;
						ProvisioningStyle = Automatic;
						TestTargetID = A22BE77E1C8012CF000E3947;
					};
					A22BE7A51C8012CF000E3947 = {
						CreatedOnToolsVersion = 7.2;
						TestTargetID = A22BE77E1C8012CF000E3947;
					};
				};
			};
			buildConfigurationList = A22BE77A1C8012CF000E3947 /* Build configuration list for PBXProject "PLISM3" */;
			compatibilityVersion = "Xcode 3.2";
			developmentRegion = English;
			hasScannedForEncodings = 0;
			knownRegions = (
				English,
				en,
				Base,
			);
			mainGroup = A22BE7761C8012CF000E3947;
			productRefGroup = A22BE7801C8012CF000E3947 /* Products */;
			projectDirPath = "";
			projectRoot = "";
			targets = (
				A22BE77E1C8012CF000E3947 /* PLISM3 */,
				A22BE79A1C8012CF000E3947 /* PLISM3Tests */,
				A22BE7A51C8012CF000E3947 /* PLISM3UITests */,
			);
		};
/* End PBXProject section */

/* Begin PBXResourcesBuildPhase section */
		A22BE77D1C8012CF000E3947 /* Resources */ = {
			isa = PBXResourcesBuildPhase;
			buildActionMask = 2147483647;
			files = (
				A27810DB1CB0D15D000F168C /* intro.png in Resources */,
				A22BE7E51C802D04000E3947 /* mtop.png in Resources */,
				A22BE7DF1C802D04000E3947 /* m05.png in Resources */,
				A22BE7D31C802D04000E3947 /* m01.png in Resources */,
				A23FB77B226590E60087D4CD /* GoogleService-Info.plist in Resources */,
				A22BE7DC1C802D04000E3947 /* m04.png in Resources */,
				A22BE7D81C802D04000E3947 /* m02@3x.png in Resources */,
				A22BE7D61C802D04000E3947 /* m02.png in Resources */,
				A22BE7DB1C802D04000E3947 /* m03@3x.png in Resources */,
				A22BE7DA1C802D04000E3947 /* m03@2x.png in Resources */,
				A2EA27181C92CBD7007A1F23 /* authinfo.plist in Resources */,
				A27810D91CB0D0AF000F168C /* Images.xcassets in Resources */,
				A22BE7E61C802D04000E3947 /* mtop@2x.png in Resources */,
				A22BE7DD1C802D04000E3947 /* m04@2x.png in Resources */,
				A22BE7E11C802D04000E3947 /* m05@3x.png in Resources */,
				A22BE7951C8012CF000E3947 /* LaunchScreen.storyboard in Resources */,
				A22BE7E31C802D04000E3947 /* mback@2x.png in Resources */,
				A22BE7E21C802D04000E3947 /* mback.png in Resources */,
				A22BE7921C8012CF000E3947 /* Assets.xcassets in Resources */,
				A22BE7DE1C802D04000E3947 /* m04@3x.png in Resources */,
				A22BE7D51C802D04000E3947 /* m01@3x.png in Resources */,
				A22BE7E71C802D04000E3947 /* mtop@3x.png in Resources */,
				A22BE7D41C802D04000E3947 /* m01@2x.png in Resources */,
				A22BE7E41C802D04000E3947 /* mback@3x.png in Resources */,
				A22BE7D71C802D04000E3947 /* m02@2x.png in Resources */,
				A22BE7D91C802D04000E3947 /* m03.png in Resources */,
				A22BE7E01C802D04000E3947 /* m05@2x.png in Resources */,
				A23FB77D22659C240087D4CD /* jpp.plist in Resources */,
				A22BE78D1C8012CF000E3947 /* Main.storyboard in Resources */,
				A22BE7BC1C80293B000E3947 /* MainViewController.xib in Resources */,
			);
			runOnlyForDeploymentPostprocessing = 0;
		};
		A22BE7991C8012CF000E3947 /* Resources */ = {
			isa = PBXResourcesBuildPhase;
			buildActionMask = 2147483647;
			files = (
			);
			runOnlyForDeploymentPostprocessing = 0;
		};
		A22BE7A41C8012CF000E3947 /* Resources */ = {
			isa = PBXResourcesBuildPhase;
			buildActionMask = 2147483647;
			files = (
			);
			runOnlyForDeploymentPostprocessing = 0;
		};
/* End PBXResourcesBuildPhase section */

/* Begin PBXShellScriptBuildPhase section */
		28A4F4CC993B778F5363EBEA /* [CP] Check Pods Manifest.lock */ = {
			isa = PBXShellScriptBuildPhase;
			buildActionMask = 2147483647;
			files = (
			);
			inputPaths = (
				"${PODS_PODFILE_DIR_PATH}/Podfile.lock",
				"${PODS_ROOT}/Manifest.lock",
			);
			name = "[CP] Check Pods Manifest.lock";
			outputPaths = (
				"$(DERIVED_FILE_DIR)/Pods-PLISM3UITests-checkManifestLockResult.txt",
			);
			runOnlyForDeploymentPostprocessing = 0;
			shellPath = /bin/sh;
			shellScript = "diff \"${PODS_PODFILE_DIR_PATH}/Podfile.lock\" \"${PODS_ROOT}/Manifest.lock\" > /dev/null\nif [ $? != 0 ] ; then\n    # print error to STDERR\n    echo \"error: The sandbox is not in sync with the Podfile.lock. Run 'pod install' or update your CocoaPods installation.\" >&2\n    exit 1\nfi\n# This output is used by Xcode 'outputs' to avoid re-running this script phase.\necho \"SUCCESS\" > \"${SCRIPT_OUTPUT_FILE_0}\"\n";
			showEnvVarsInLog = 0;
		};
		392E401671F3CE4D8E0BF960 /* [CP] Check Pods Manifest.lock */ = {
			isa = PBXShellScriptBuildPhase;
			buildActionMask = 2147483647;
			files = (
			);
			inputPaths = (
				"${PODS_PODFILE_DIR_PATH}/Podfile.lock",
				"${PODS_ROOT}/Manifest.lock",
			);
			name = "[CP] Check Pods Manifest.lock";
			outputPaths = (
				"$(DERIVED_FILE_DIR)/Pods-PLISM3Tests-checkManifestLockResult.txt",
			);
			runOnlyForDeploymentPostprocessing = 0;
			shellPath = /bin/sh;
			shellScript = "diff \"${PODS_PODFILE_DIR_PATH}/Podfile.lock\" \"${PODS_ROOT}/Manifest.lock\" > /dev/null\nif [ $? != 0 ] ; then\n    # print error to STDERR\n    echo \"error: The sandbox is not in sync with the Podfile.lock. Run 'pod install' or update your CocoaPods installation.\" >&2\n    exit 1\nfi\n# This output is used by Xcode 'outputs' to avoid re-running this script phase.\necho \"SUCCESS\" > \"${SCRIPT_OUTPUT_FILE_0}\"\n";
			showEnvVarsInLog = 0;
		};
		A791CF5DCFBF59ED792274D1 /* [CP] Check Pods Manifest.lock */ = {
			isa = PBXShellScriptBuildPhase;
			buildActionMask = 2147483647;
			files = (
			);
			inputPaths = (
				"${PODS_PODFILE_DIR_PATH}/Podfile.lock",
				"${PODS_ROOT}/Manifest.lock",
			);
			name = "[CP] Check Pods Manifest.lock";
			outputPaths = (
				"$(DERIVED_FILE_DIR)/Pods-PLISM3-checkManifestLockResult.txt",
			);
			runOnlyForDeploymentPostprocessing = 0;
			shellPath = /bin/sh;
			shellScript = "diff \"${PODS_PODFILE_DIR_PATH}/Podfile.lock\" \"${PODS_ROOT}/Manifest.lock\" > /dev/null\nif [ $? != 0 ] ; then\n    # print error to STDERR\n    echo \"error: The sandbox is not in sync with the Podfile.lock. Run 'pod install' or update your CocoaPods installation.\" >&2\n    exit 1\nfi\n# This output is used by Xcode 'outputs' to avoid re-running this script phase.\necho \"SUCCESS\" > \"${SCRIPT_OUTPUT_FILE_0}\"\n";
			showEnvVarsInLog = 0;
		};
/* End PBXShellScriptBuildPhase section */

/* Begin PBXSourcesBuildPhase section */
		A22BE77B1C8012CF000E3947 /* Sources */ = {
			isa = PBXSourcesBuildPhase;
			buildActionMask = 2147483647;
			files = (
				A22BE78A1C8012CF000E3947 /* ViewController.m in Sources */,
				A22BE7871C8012CF000E3947 /* AppDelegate.m in Sources */,
				A22BE7841C8012CF000E3947 /* main.m in Sources */,
				A2EA270E1C927B1B007A1F23 /* OpenUDID.m in Sources */,
				A22BE7BB1C80293B000E3947 /* MainViewController.m in Sources */,
				A27810DE1CB0D33C000F168C /* DataSet.mm in Sources */,
				A22BE7901C8012CF000E3947 /* PLISM3.xcdatamodeld in Sources */,
			);
			runOnlyForDeploymentPostprocessing = 0;
		};
		A22BE7971C8012CF000E3947 /* Sources */ = {
			isa = PBXSourcesBuildPhase;
			buildActionMask = 2147483647;
			files = (
				A22BE7A01C8012CF000E3947 /* PLISM3Tests.m in Sources */,
			);
			runOnlyForDeploymentPostprocessing = 0;
		};
		A22BE7A21C8012CF000E3947 /* Sources */ = {
			isa = PBXSourcesBuildPhase;
			buildActionMask = 2147483647;
			files = (
				A22BE7AB1C8012CF000E3947 /* PLISM3UITests.m in Sources */,
			);
			runOnlyForDeploymentPostprocessing = 0;
		};
/* End PBXSourcesBuildPhase section */

/* Begin PBXTargetDependency section */
		A22BE79D1C8012CF000E3947 /* PBXTargetDependency */ = {
			isa = PBXTargetDependency;
			target = A22BE77E1C8012CF000E3947 /* PLISM3 */;
			targetProxy = A22BE79C1C8012CF000E3947 /* PBXContainerItemProxy */;
		};
		A22BE7A81C8012CF000E3947 /* PBXTargetDependency */ = {
			isa = PBXTargetDependency;
			target = A22BE77E1C8012CF000E3947 /* PLISM3 */;
			targetProxy = A22BE7A71C8012CF000E3947 /* PBXContainerItemProxy */;
		};
/* End PBXTargetDependency section */

/* Begin PBXVariantGroup section */
		A22BE78B1C8012CF000E3947 /* Main.storyboard */ = {
			isa = PBXVariantGroup;
			children = (
				A22BE78C1C8012CF000E3947 /* Base */,
			);
			name = Main.storyboard;
			sourceTree = "<group>";
		};
		A22BE7931C8012CF000E3947 /* LaunchScreen.storyboard */ = {
			isa = PBXVariantGroup;
			children = (
				A22BE7941C8012CF000E3947 /* Base */,
			);
			name = LaunchScreen.storyboard;
			sourceTree = "<group>";
		};
/* End PBXVariantGroup section */

/* Begin XCBuildConfiguration section */
		A22BE7AD1C8012CF000E3947 /* Debug */ = {
			isa = XCBuildConfiguration;
			buildSettings = {
				ALWAYS_SEARCH_USER_PATHS = NO;
				CLANG_CXX_LANGUAGE_STANDARD = "gnu++0x";
				CLANG_CXX_LIBRARY = "libc++";
				CLANG_ENABLE_MODULES = YES;
				CLANG_ENABLE_OBJC_ARC = YES;
				CLANG_WARN_BOOL_CONVERSION = YES;
				CLANG_WARN_CONSTANT_CONVERSION = YES;
				CLANG_WARN_DIRECT_OBJC_ISA_USAGE = YES_ERROR;
				CLANG_WARN_EMPTY_BODY = YES;
				CLANG_WARN_ENUM_CONVERSION = YES;
				CLANG_WARN_INT_CONVERSION = YES;
				CLANG_WARN_OBJC_ROOT_CLASS = YES_ERROR;
				CLANG_WARN_UNREACHABLE_CODE = YES;
				CLANG_WARN__DUPLICATE_METHOD_MATCH = YES;
				CODE_SIGN_IDENTITY = "iPhone Developer";
				"CODE_SIGN_IDENTITY[sdk=iphoneos*]" = "iPhone Developer";
				COPY_PHASE_STRIP = NO;
				DEBUG_INFORMATION_FORMAT = dwarf;
				ENABLE_STRICT_OBJC_MSGSEND = YES;
				ENABLE_TESTABILITY = YES;
				EXCLUDED_ARCHS = "";
				GCC_C_LANGUAGE_STANDARD = gnu99;
				GCC_DYNAMIC_NO_PIC = NO;
				GCC_NO_COMMON_BLOCKS = YES;
				GCC_OPTIMIZATION_LEVEL = 0;
				GCC_PREPROCESSOR_DEFINITIONS = (
					"DEBUG=1",
					"$(inherited)",
				);
				GCC_WARN_64_TO_32_BIT_CONVERSION = YES;
				GCC_WARN_ABOUT_RETURN_TYPE = YES_ERROR;
				GCC_WARN_UNDECLARED_SELECTOR = YES;
				GCC_WARN_UNINITIALIZED_AUTOS = YES_AGGRESSIVE;
				GCC_WARN_UNUSED_FUNCTION = YES;
				GCC_WARN_UNUSED_VARIABLE = YES;
				IPHONEOS_DEPLOYMENT_TARGET = 9.0;
				MTL_ENABLE_DEBUG_INFO = YES;
				ONLY_ACTIVE_ARCH = YES;
				PROVISIONING_PROFILE = "";
				SDKROOT = iphoneos;
			};
			name = Debug;
		};
		A22BE7AE1C8012CF000E3947 /* Release */ = {
			isa = XCBuildConfiguration;
			buildSettings = {
				ALWAYS_SEARCH_USER_PATHS = NO;
				CLANG_CXX_LANGUAGE_STANDARD = "gnu++0x";
				CLANG_CXX_LIBRARY = "libc++";
				CLANG_ENABLE_MODULES = YES;
				CLANG_ENABLE_OBJC_ARC = YES;
				CLANG_WARN_BOOL_CONVERSION = YES;
				CLANG_WARN_CONSTANT_CONVERSION = YES;
				CLANG_WARN_DIRECT_OBJC_ISA_USAGE = YES_ERROR;
				CLANG_WARN_EMPTY_BODY = YES;
				CLANG_WARN_ENUM_CONVERSION = YES;
				CLANG_WARN_INT_CONVERSION = YES;
				CLANG_WARN_OBJC_ROOT_CLASS = YES_ERROR;
				CLANG_WARN_UNREACHABLE_CODE = YES;
				CLANG_WARN__DUPLICATE_METHOD_MATCH = YES;
				CODE_SIGN_IDENTITY = "iPhone Distribution: Eunim Tahk (BETFGY29Z7)";
				"CODE_SIGN_IDENTITY[sdk=iphoneos*]" = "iPhone Distribution: Eunim Tahk (BETFGY29Z7)";
				COPY_PHASE_STRIP = NO;
				DEBUG_INFORMATION_FORMAT = "dwarf-with-dsym";
				ENABLE_NS_ASSERTIONS = NO;
				ENABLE_STRICT_OBJC_MSGSEND = YES;
				EXCLUDED_ARCHS = "";
				GCC_C_LANGUAGE_STANDARD = gnu99;
				GCC_NO_COMMON_BLOCKS = YES;
				GCC_WARN_64_TO_32_BIT_CONVERSION = YES;
				GCC_WARN_ABOUT_RETURN_TYPE = YES_ERROR;
				GCC_WARN_UNDECLARED_SELECTOR = YES;
				GCC_WARN_UNINITIALIZED_AUTOS = YES_AGGRESSIVE;
				GCC_WARN_UNUSED_FUNCTION = YES;
				GCC_WARN_UNUSED_VARIABLE = YES;
				IPHONEOS_DEPLOYMENT_TARGET = 9.0;
				MTL_ENABLE_DEBUG_INFO = NO;
				ONLY_ACTIVE_ARCH = YES;
				PROVISIONING_PROFILE = "";
				SDKROOT = iphoneos;
				VALIDATE_PRODUCT = YES;
			};
			name = Release;
		};
		A22BE7B01C8012CF000E3947 /* Debug */ = {
			isa = XCBuildConfiguration;
			baseConfigurationReference = 26069D1C4CBE1D363EE6AFF0 /* Pods-PLISM3.debug.xcconfig */;
			buildSettings = {
				ASSETCATALOG_COMPILER_APPICON_NAME = AppIcon;
				ASSETCATALOG_COMPILER_LAUNCHIMAGE_NAME = LaunchImage;
				CODE_SIGN_ENTITLEMENTS = PLISM3/PLISM3.entitlements;
				CODE_SIGN_IDENTITY = "Apple Development";
				CODE_SIGN_STYLE = Automatic;
				CURRENT_PROJECT_VERSION = 1;
				DEVELOPMENT_TEAM = BETFGY29Z7;
				INFOPLIST_FILE = PLISM3/Info.plist;
				IPHONEOS_DEPLOYMENT_TARGET = 13.1;
				LD_RUNPATH_SEARCH_PATHS = "$(inherited) @executable_path/Frameworks";
				MARKETING_VERSION = 1.2;
				PRODUCT_BUNDLE_IDENTIFIER = kr.co.klnet.ios.plism3;
				PRODUCT_NAME = "$(TARGET_NAME)";
				PROVISIONING_PROFILE = "";
				PROVISIONING_PROFILE_SPECIFIER = "";
				TARGETED_DEVICE_FAMILY = 1;
			};
			name = Debug;
		};
		A22BE7B11C8012CF000E3947 /* Release */ = {
			isa = XCBuildConfiguration;
			baseConfigurationReference = 0D18282FE6CE2764D92985A5 /* Pods-PLISM3.release.xcconfig */;
			buildSettings = {
				ASSETCATALOG_COMPILER_APPICON_NAME = AppIcon;
				ASSETCATALOG_COMPILER_LAUNCHIMAGE_NAME = LaunchImage;
				CODE_SIGN_ENTITLEMENTS = PLISM3/PLISM3.entitlements;
				CODE_SIGN_IDENTITY = "Apple Development";
				CODE_SIGN_STYLE = Automatic;
				CURRENT_PROJECT_VERSION = 1;
				DEVELOPMENT_TEAM = BETFGY29Z7;
				INFOPLIST_FILE = PLISM3/Info.plist;
				IPHONEOS_DEPLOYMENT_TARGET = 13.1;
				LD_RUNPATH_SEARCH_PATHS = "$(inherited) @executable_path/Frameworks";
				MARKETING_VERSION = 1.2;
				PRODUCT_BUNDLE_IDENTIFIER = kr.co.klnet.ios.plism3;
				PRODUCT_NAME = "$(TARGET_NAME)";
				PROVISIONING_PROFILE = "";
				PROVISIONING_PROFILE_SPECIFIER = "";
				TARGETED_DEVICE_FAMILY = 1;
			};
			name = Release;
		};
		A22BE7B31C8012CF000E3947 /* Debug */ = {
			isa = XCBuildConfiguration;
			baseConfigurationReference = 062BBFE0560C0BE9E48940B1 /* Pods-PLISM3Tests.debug.xcconfig */;
			buildSettings = {
				BUNDLE_LOADER = "$(TEST_HOST)";
				CODE_SIGN_IDENTITY = "Apple Development";
				CODE_SIGN_STYLE = Automatic;
				DEVELOPMENT_TEAM = BETFGY29Z7;
				INFOPLIST_FILE = PLISM3Tests/Info.plist;
				LD_RUNPATH_SEARCH_PATHS = "$(inherited) @executable_path/Frameworks @loader_path/Frameworks";
				PRODUCT_BUNDLE_IDENTIFIER = com.klnet.plism3.PLISM3Tests;
				PRODUCT_NAME = "$(TARGET_NAME)";
				PROVISIONING_PROFILE_SPECIFIER = "";
				TEST_HOST = "$(BUILT_PRODUCTS_DIR)/PLISM3.app/PLISM3";
			};
			name = Debug;
		};
		A22BE7B41C8012CF000E3947 /* Release */ = {
			isa = XCBuildConfiguration;
			baseConfigurationReference = 6E0A8FD01B8564061B2E453D /* Pods-PLISM3Tests.release.xcconfig */;
			buildSettings = {
				BUNDLE_LOADER = "$(TEST_HOST)";
				INFOPLIST_FILE = PLISM3Tests/Info.plist;
				LD_RUNPATH_SEARCH_PATHS = "$(inherited) @executable_path/Frameworks @loader_path/Frameworks";
				PRODUCT_BUNDLE_IDENTIFIER = com.klnet.plism3.PLISM3Tests;
				PRODUCT_NAME = "$(TARGET_NAME)";
				TEST_HOST = "$(BUILT_PRODUCTS_DIR)/PLISM3.app/PLISM3";
			};
			name = Release;
		};
		A22BE7B61C8012CF000E3947 /* Debug */ = {
			isa = XCBuildConfiguration;
			baseConfigurationReference = 72BA18F81031320801C01D7D /* Pods-PLISM3UITests.debug.xcconfig */;
			buildSettings = {
				INFOPLIST_FILE = PLISM3UITests/Info.plist;
				LD_RUNPATH_SEARCH_PATHS = "$(inherited) @executable_path/Frameworks @loader_path/Frameworks";
				PRODUCT_BUNDLE_IDENTIFIER = com.klnet.plism3.PLISM3UITests;
				PRODUCT_NAME = "$(TARGET_NAME)";
				TEST_TARGET_NAME = PLISM3;
				USES_XCTRUNNER = YES;
			};
			name = Debug;
		};
		A22BE7B71C8012CF000E3947 /* Release */ = {
			isa = XCBuildConfiguration;
			baseConfigurationReference = 01E13934AB7D5CEA5BA6A2E8 /* Pods-PLISM3UITests.release.xcconfig */;
			buildSettings = {
				INFOPLIST_FILE = PLISM3UITests/Info.plist;
				LD_RUNPATH_SEARCH_PATHS = "$(inherited) @executable_path/Frameworks @loader_path/Frameworks";
				PRODUCT_BUNDLE_IDENTIFIER = com.klnet.plism3.PLISM3UITests;
				PRODUCT_NAME = "$(TARGET_NAME)";
				TEST_TARGET_NAME = PLISM3;
				USES_XCTRUNNER = YES;
			};
			name = Release;
		};
/* End XCBuildConfiguration section */

/* Begin XCConfigurationList section */
		A22BE77A1C8012CF000E3947 /* Build configuration list for PBXProject "PLISM3" */ = {
			isa = XCConfigurationList;
			buildConfigurations = (
				A22BE7AD1C8012CF000E3947 /* Debug */,
				A22BE7AE1C8012CF000E3947 /* Release */,
			);
			defaultConfigurationIsVisible = 0;
			defaultConfigurationName = Release;
		};
		A22BE7AF1C8012CF000E3947 /* Build configuration list for PBXNativeTarget "PLISM3" */ = {
			isa = XCConfigurationList;
			buildConfigurations = (
				A22BE7B01C8012CF000E3947 /* Debug */,
				A22BE7B11C8012CF000E3947 /* Release */,
			);
			defaultConfigurationIsVisible = 0;
			defaultConfigurationName = Release;
		};
		A22BE7B21C8012CF000E3947 /* Build configuration list for PBXNativeTarget "PLISM3Tests" */ = {
			isa = XCConfigurationList;
			buildConfigurations = (
				A22BE7B31C8012CF000E3947 /* Debug */,
				A22BE7B41C8012CF000E3947 /* Release */,
			);
			defaultConfigurationIsVisible = 0;
			defaultConfigurationName = Release;
		};
		A22BE7B51C8012CF000E3947 /* Build configuration list for PBXNativeTarget "PLISM3UITests" */ = {
			isa = XCConfigurationList;
			buildConfigurations = (
				A22BE7B61C8012CF000E3947 /* Debug */,
				A22BE7B71C8012CF000E3947 /* Release */,
			);
			defaultConfigurationIsVisible = 0;
			defaultConfigurationName = Release;
		};
/* End XCConfigurationList section */

/* Begin XCVersionGroup section */
		A22BE78E1C8012CF000E3947 /* PLISM3.xcdatamodeld */ = {
			isa = XCVersionGroup;
			children = (
				A22BE78F1C8012CF000E3947 /* PLISM3.xcdatamodel */,
			);
			currentVersion = A22BE78F1C8012CF000E3947 /* PLISM3.xcdatamodel */;
			path = PLISM3.xcdatamodeld;
			sourceTree = "<group>";
			versionGroupType = wrapper.xcdatamodel;
		};
/* End XCVersionGroup section */
	};
	rootObject = A22BE7771C8012CF000E3947 /* Project object */;
}
